// !$*UTF8*$!
{
	archiveVersion = 1;
	classes = {
	};
	objectVersion = 48;
	objects = {

/* Begin PBXBuildFile section */
		14DFB7A11FE8215A00FE39DC /* AppDelegate.swift in Sources */ = {isa = PBXBuildFile; fileRef = 14DFB7A01FE8215A00FE39DC /* AppDelegate.swift */; };
		14DFB7A61FE8215A00FE39DC /* Main.storyboard in Resources */ = {isa = PBXBuildFile; fileRef = 14DFB7A41FE8215A00FE39DC /* Main.storyboard */; };
		14DFB7A81FE8215A00FE39DC /* Assets.xcassets in Resources */ = {isa = PBXBuildFile; fileRef = 14DFB7A71FE8215A00FE39DC /* Assets.xcassets */; };
		14DFB7AB1FE8215A00FE39DC /* LaunchScreen.storyboard in Resources */ = {isa = PBXBuildFile; fileRef = 14DFB7A91FE8215A00FE39DC /* LaunchScreen.storyboard */; };
		14DFB7B61FE8215A00FE39DC /* BusanParkTests.swift in Sources */ = {isa = PBXBuildFile; fileRef = 14DFB7B51FE8215A00FE39DC /* BusanParkTests.swift */; };
		14DFB7C11FE8215A00FE39DC /* BusanParkUITests.swift in Sources */ = {isa = PBXBuildFile; fileRef = 14DFB7C01FE8215A00FE39DC /* BusanParkUITests.swift */; };
		14DFB7D11FE822AA00FE39DC /* TotalMapViewController.swift in Sources */ = {isa = PBXBuildFile; fileRef = 14DFB7D01FE822AA00FE39DC /* TotalMapViewController.swift */; };
		14DFB7D31FE822C200FE39DC /* SingleMapTableViewController.swift in Sources */ = {isa = PBXBuildFile; fileRef = 14DFB7D21FE822C200FE39DC /* SingleMapTableViewController.swift */; };
		14DFB7D61FE8240100FE39DC /* MapKit.framework in Frameworks */ = {isa = PBXBuildFile; fileRef = 14DFB7D51FE823FB00FE39DC /* MapKit.framework */; };
		14DFB7D81FE8241600FE39DC /* CoreLocation.framework in Frameworks */ = {isa = PBXBuildFile; fileRef = 14DFB7D71FE8240C00FE39DC /* CoreLocation.framework */; };
		14DFB7DA1FE84E2E00FE39DC /* data.plist in Resources */ = {isa = PBXBuildFile; fileRef = 14DFB7D91FE84E2E00FE39DC /* data.plist */; };
		14DFB7DC1FE8581100FE39DC /* icons8-waypoint_map.png in Resources */ = {isa = PBXBuildFile; fileRef = 14DFB7DB1FE8581100FE39DC /* icons8-waypoint_map.png */; };
		14DFB7E21FE87F9F00FE39DC /* Default@2x.png (640x960).png in Resources */ = {isa = PBXBuildFile; fileRef = 14DFB7E11FE87F9F00FE39DC /* Default@2x.png (640x960).png */; };
/* End PBXBuildFile section */

/* Begin PBXContainerItemProxy section */
		14DFB7B21FE8215A00FE39DC /* PBXContainerItemProxy */ = {
			isa = PBXContainerItemProxy;
			containerPortal = 14DFB7951FE8215A00FE39DC /* Project object */;
			proxyType = 1;
			remoteGlobalIDString = 14DFB79C1FE8215A00FE39DC;
			remoteInfo = BusanPark;
		};
		14DFB7BD1FE8215A00FE39DC /* PBXContainerItemProxy */ = {
			isa = PBXContainerItemProxy;
			containerPortal = 14DFB7951FE8215A00FE39DC /* Project object */;
			proxyType = 1;
			remoteGlobalIDString = 14DFB79C1FE8215A00FE39DC;
			remoteInfo = BusanPark;
		};
/* End PBXContainerItemProxy section */

/* Begin PBXFileReference section */
		14DFB79D1FE8215A00FE39DC /* BusanPark.app */ = {isa = PBXFileReference; explicitFileType = wrapper.application; includeInIndex = 0; path = BusanPark.app; sourceTree = BUILT_PRODUCTS_DIR; };
		14DFB7A01FE8215A00FE39DC /* AppDelegate.swift */ = {isa = PBXFileReference; lastKnownFileType = sourcecode.swift; path = AppDelegate.swift; sourceTree = "<group>"; };
		14DFB7A51FE8215A00FE39DC /* Base */ = {isa = PBXFileReference; lastKnownFileType = file.storyboard; name = Base; path = Base.lproj/Main.storyboard; sourceTree = "<group>"; };
		14DFB7A71FE8215A00FE39DC /* Assets.xcassets */ = {isa = PBXFileReference; lastKnownFileType = folder.assetcatalog; path = Assets.xcassets; sourceTree = "<group>"; };
		14DFB7AA1FE8215A00FE39DC /* Base */ = {isa = PBXFileReference; lastKnownFileType = file.storyboard; name = Base; path = Base.lproj/LaunchScreen.storyboard; sourceTree = "<group>"; };
		14DFB7AC1FE8215A00FE39DC /* Info.plist */ = {isa = PBXFileReference; lastKnownFileType = text.plist.xml; path = Info.plist; sourceTree = "<group>"; };
		14DFB7B11FE8215A00FE39DC /* BusanParkTests.xctest */ = {isa = PBXFileReference; explicitFileType = wrapper.cfbundle; includeInIndex = 0; path = BusanParkTests.xctest; sourceTree = BUILT_PRODUCTS_DIR; };
		14DFB7B51FE8215A00FE39DC /* BusanParkTests.swift */ = {isa = PBXFileReference; lastKnownFileType = sourcecode.swift; path = BusanParkTests.swift; sourceTree = "<group>"; };
		14DFB7B71FE8215A00FE39DC /* Info.plist */ = {isa = PBXFileReference; lastKnownFileType = text.plist.xml; path = Info.plist; sourceTree = "<group>"; };
		14DFB7BC1FE8215A00FE39DC /* BusanParkUITests.xctest */ = {isa = PBXFileReference; explicitFileType = wrapper.cfbundle; includeInIndex = 0; path = BusanParkUITests.xctest; sourceTree = BUILT_PRODUCTS_DIR; };
		14DFB7C01FE8215A00FE39DC /* BusanParkUITests.swift */ = {isa = PBXFileReference; lastKnownFileType = sourcecode.swift; path = BusanParkUITests.swift; sourceTree = "<group>"; };
		14DFB7C21FE8215A00FE39DC /* Info.plist */ = {isa = PBXFileReference; lastKnownFileType = text.plist.xml; path = Info.plist; sourceTree = "<group>"; };
		14DFB7D01FE822AA00FE39DC /* TotalMapViewController.swift */ = {isa = PBXFileReference; lastKnownFileType = sourcecode.swift; path = TotalMapViewController.swift; sourceTree = "<group>"; };
		14DFB7D21FE822C200FE39DC /* SingleMapTableViewController.swift */ = {isa = PBXFileReference; lastKnownFileType = sourcecode.swift; path = SingleMapTableViewController.swift; sourceTree = "<group>"; };
		14DFB7D51FE823FB00FE39DC /* MapKit.framework */ = {isa = PBXFileReference; lastKnownFileType = wrapper.framework; name = MapKit.framework; path = System/Library/Frameworks/MapKit.framework; sourceTree = SDKROOT; };
		14DFB7D71FE8240C00FE39DC /* CoreLocation.framework */ = {isa = PBXFileReference; lastKnownFileType = wrapper.framework; name = CoreLocation.framework; path = System/Library/Frameworks/CoreLocation.framework; sourceTree = SDKROOT; };
		14DFB7D91FE84E2E00FE39DC /* data.plist */ = {isa = PBXFileReference; fileEncoding = 4; lastKnownFileType = text.plist.xml; path = data.plist; sourceTree = "<group>"; };
		14DFB7DB1FE8581100FE39DC /* icons8-waypoint_map.png */ = {isa = PBXFileReference; lastKnownFileType = image.png; path = "icons8-waypoint_map.png"; sourceTree = "<group>"; };
		14DFB7E11FE87F9F00FE39DC /* Default@2x.png (640x960).png */ = {isa = PBXFileReference; lastKnownFileType = image.png; path = "Default@2x.png (640x960).png"; sourceTree = "<group>"; };
/* End PBXFileReference section */

/* Begin PBXFrameworksBuildPhase section */
		14DFB79A1FE8215A00FE39DC /* Frameworks */ = {
			isa = PBXFrameworksBuildPhase;
			buildActionMask = 2147483647;
			files = (
				14DFB7D81FE8241600FE39DC /* CoreLocation.framework in Frameworks */,
				14DFB7D61FE8240100FE39DC /* MapKit.framework in Frameworks */,
			);
			runOnlyForDeploymentPostprocessing = 0;
		};
		14DFB7AE1FE8215A00FE39DC /* Frameworks */ = {
			isa = PBXFrameworksBuildPhase;
			buildActionMask = 2147483647;
			files = (
			);
			runOnlyForDeploymentPostprocessing = 0;
		};
		14DFB7B91FE8215A00FE39DC /* Frameworks */ = {
			isa = PBXFrameworksBuildPhase;
			buildActionMask = 2147483647;
			files = (
			);
			runOnlyForDeploymentPostprocessing = 0;
		};
/* End PBXFrameworksBuildPhase section */

/* Begin PBXGroup section */
		14DFB7941FE8215A00FE39DC = {
			isa = PBXGroup;
			children = (
				14DFB79F1FE8215A00FE39DC /* BusanPark */,
				14DFB7B41FE8215A00FE39DC /* BusanParkTests */,
				14DFB7BF1FE8215A00FE39DC /* BusanParkUITests */,
				14DFB79E1FE8215A00FE39DC /* Products */,
				14DFB7D41FE823FB00FE39DC /* Frameworks */,
			);
			sourceTree = "<group>";
		};
		14DFB79E1FE8215A00FE39DC /* Products */ = {
			isa = PBXGroup;
			children = (
				14DFB79D1FE8215A00FE39DC /* BusanPark.app */,
				14DFB7B11FE8215A00FE39DC /* BusanParkTests.xctest */,
				14DFB7BC1FE8215A00FE39DC /* BusanParkUITests.xctest */,
			);
			name = Products;
			sourceTree = "<group>";
		};
		14DFB79F1FE8215A00FE39DC /* BusanPark */ = {
			isa = PBXGroup;
			children = (
				14DFB7E11FE87F9F00FE39DC /* Default@2x.png (640x960).png */,
				14DFB7DB1FE8581100FE39DC /* icons8-waypoint_map.png */,
				14DFB7A01FE8215A00FE39DC /* AppDelegate.swift */,
				14DFB7A41FE8215A00FE39DC /* Main.storyboard */,
				14DFB7A71FE8215A00FE39DC /* Assets.xcassets */,
				14DFB7A91FE8215A00FE39DC /* LaunchScreen.storyboard */,
				14DFB7D01FE822AA00FE39DC /* TotalMapViewController.swift */,
				14DFB7D21FE822C200FE39DC /* SingleMapTableViewController.swift */,
				14DFB7D91FE84E2E00FE39DC /* data.plist */,
				14DFB7AC1FE8215A00FE39DC /* Info.plist */,
			);
			path = BusanPark;
			sourceTree = "<group>";
		};
		14DFB7B41FE8215A00FE39DC /* BusanParkTests */ = {
			isa = PBXGroup;
			children = (
				14DFB7B51FE8215A00FE39DC /* BusanParkTests.swift */,
				14DFB7B71FE8215A00FE39DC /* Info.plist */,
			);
			path = BusanParkTests;
			sourceTree = "<group>";
		};
		14DFB7BF1FE8215A00FE39DC /* BusanParkUITests */ = {
			isa = PBXGroup;
			children = (
				14DFB7C01FE8215A00FE39DC /* BusanParkUITests.swift */,
				14DFB7C21FE8215A00FE39DC /* Info.plist */,
			);
			path = BusanParkUITests;
			sourceTree = "<group>";
		};
		14DFB7D41FE823FB00FE39DC /* Frameworks */ = {
			isa = PBXGroup;
			children = (
				14DFB7D71FE8240C00FE39DC /* CoreLocation.framework */,
				14DFB7D51FE823FB00FE39DC /* MapKit.framework */,
			);
			name = Frameworks;
			sourceTree = "<group>";
		};
/* End PBXGroup section */

/* Begin PBXNativeTarget section */
		14DFB79C1FE8215A00FE39DC /* BusanPark */ = {
			isa = PBXNativeTarget;
			buildConfigurationList = 14DFB7C51FE8215A00FE39DC /* Build configuration list for PBXNativeTarget "BusanPark" */;
			buildPhases = (
				14DFB7991FE8215A00FE39DC /* Sources */,
				14DFB79A1FE8215A00FE39DC /* Frameworks */,
				14DFB79B1FE8215A00FE39DC /* Resources */,
			);
			buildRules = (
			);
			dependencies = (
			);
			name = BusanPark;
			productName = BusanPark;
			productReference = 14DFB79D1FE8215A00FE39DC /* BusanPark.app */;
			productType = "com.apple.product-type.application";
		};
		14DFB7B01FE8215A00FE39DC /* BusanParkTests */ = {
			isa = PBXNativeTarget;
			buildConfigurationList = 14DFB7C81FE8215A00FE39DC /* Build configuration list for PBXNativeTarget "BusanParkTests" */;
			buildPhases = (
				14DFB7AD1FE8215A00FE39DC /* Sources */,
				14DFB7AE1FE8215A00FE39DC /* Frameworks */,
				14DFB7AF1FE8215A00FE39DC /* Resources */,
			);
			buildRules = (
			);
			dependencies = (
				14DFB7B31FE8215A00FE39DC /* PBXTargetDependency */,
			);
			name = BusanParkTests;
			productName = BusanParkTests;
			productReference = 14DFB7B11FE8215A00FE39DC /* BusanParkTests.xctest */;
			productType = "com.apple.product-type.bundle.unit-test";
		};
		14DFB7BB1FE8215A00FE39DC /* BusanParkUITests */ = {
			isa = PBXNativeTarget;
			buildConfigurationList = 14DFB7CB1FE8215A00FE39DC /* Build configuration list for PBXNativeTarget "BusanParkUITests" */;
			buildPhases = (
				14DFB7B81FE8215A00FE39DC /* Sources */,
				14DFB7B91FE8215A00FE39DC /* Frameworks */,
				14DFB7BA1FE8215A00FE39DC /* Resources */,
			);
			buildRules = (
			);
			dependencies = (
				14DFB7BE1FE8215A00FE39DC /* PBXTargetDependency */,
			);
			name = BusanParkUITests;
			productName = BusanParkUITests;
			productReference = 14DFB7BC1FE8215A00FE39DC /* BusanParkUITests.xctest */;
			productType = "com.apple.product-type.bundle.ui-testing";
		};
/* End PBXNativeTarget section */

/* Begin PBXProject section */
		14DFB7951FE8215A00FE39DC /* Project object */ = {
			isa = PBXProject;
			attributes = {
				LastSwiftUpdateCheck = 0910;
				LastUpgradeCheck = 0910;
				ORGANIZATIONNAME = "Jang Gyu Sik";
				TargetAttributes = {
					14DFB79C1FE8215A00FE39DC = {
						CreatedOnToolsVersion = 9.1;
						ProvisioningStyle = Automatic;
					};
					14DFB7B01FE8215A00FE39DC = {
						CreatedOnToolsVersion = 9.1;
						ProvisioningStyle = Automatic;
						TestTargetID = 14DFB79C1FE8215A00FE39DC;
					};
					14DFB7BB1FE8215A00FE39DC = {
						CreatedOnToolsVersion = 9.1;
						ProvisioningStyle = Automatic;
						TestTargetID = 14DFB79C1FE8215A00FE39DC;
					};
				};
			};
			buildConfigurationList = 14DFB7981FE8215A00FE39DC /* Build configuration list for PBXProject "BusanPark" */;
			compatibilityVersion = "Xcode 8.0";
			developmentRegion = en;
			hasScannedForEncodings = 0;
			knownRegions = (
				en,
				Base,
			);
			mainGroup = 14DFB7941FE8215A00FE39DC;
			productRefGroup = 14DFB79E1FE8215A00FE39DC /* Products */;
			projectDirPath = "";
			projectRoot = "";
			targets = (
				14DFB79C1FE8215A00FE39DC /* BusanPark */,
				14DFB7B01FE8215A00FE39DC /* BusanParkTests */,
				14DFB7BB1FE8215A00FE39DC /* BusanParkUITests */,
			);
		};
/* End PBXProject section */

/* Begin PBXResourcesBuildPhase section */
		14DFB79B1FE8215A00FE39DC /* Resources */ = {
			isa = PBXResourcesBuildPhase;
			buildActionMask = 2147483647;
			files = (
				14DFB7AB1FE8215A00FE39DC /* LaunchScreen.storyboard in Resources */,
				14DFB7A81FE8215A00FE39DC /* Assets.xcassets in Resources */,
				14DFB7DA1FE84E2E00FE39DC /* data.plist in Resources */,
				14DFB7A61FE8215A00FE39DC /* Main.storyboard in Resources */,
				14DFB7DC1FE8581100FE39DC /* icons8-waypoint_map.png in Resources */,
				14DFB7E21FE87F9F00FE39DC /* Default@2x.png (640x960).png in Resources */,
			);
			runOnlyForDeploymentPostprocessing = 0;
		};
		14DFB7AF1FE8215A00FE39DC /* Resources */ = {
			isa = PBXResourcesBuildPhase;
			buildActionMask = 2147483647;
			files = (
			);
			runOnlyForDeploymentPostprocessing = 0;
		};
		14DFB7BA1FE8215A00FE39DC /* Resources */ = {
			isa = PBXResourcesBuildPhase;
			buildActionMask = 2147483647;
			files = (
			);
			runOnlyForDeploymentPostprocessing = 0;
		};
/* End PBXResourcesBuildPhase section */

/* Begin PBXSourcesBuildPhase section */
		14DFB7991FE8215A00FE39DC /* Sources */ = {
			isa = PBXSourcesBuildPhase;
			buildActionMask = 2147483647;
			files = (
				14DFB7D31FE822C200FE39DC /* SingleMapTableViewController.swift in Sources */,
				14DFB7A11FE8215A00FE39DC /* AppDelegate.swift in Sources */,
				14DFB7D11FE822AA00FE39DC /* TotalMapViewController.swift in Sources */,
			);
			runOnlyForDeploymentPostprocessing = 0;
		};
		14DFB7AD1FE8215A00FE39DC /* Sources */ = {
			isa = PBXSourcesBuildPhase;
			buildActionMask = 2147483647;
			files = (
				14DFB7B61FE8215A00FE39DC /* BusanParkTests.swift in Sources */,
			);
			runOnlyForDeploymentPostprocessing = 0;
		};
		14DFB7B81FE8215A00FE39DC /* Sources */ = {
			isa = PBXSourcesBuildPhase;
			buildActionMask = 2147483647;
			files = (
				14DFB7C11FE8215A00FE39DC /* BusanParkUITests.swift in Sources */,
			);
			runOnlyForDeploymentPostprocessing = 0;
		};
/* End PBXSourcesBuildPhase section */

/* Begin PBXTargetDependency section */
		14DFB7B31FE8215A00FE39DC /* PBXTargetDependency */ = {
			isa = PBXTargetDependency;
			target = 14DFB79C1FE8215A00FE39DC /* BusanPark */;
			targetProxy = 14DFB7B21FE8215A00FE39DC /* PBXContainerItemProxy */;
		};
		14DFB7BE1FE8215A00FE39DC /* PBXTargetDependency */ = {
			isa = PBXTargetDependency;
			target = 14DFB79C1FE8215A00FE39DC /* BusanPark */;
			targetProxy = 14DFB7BD1FE8215A00FE39DC /* PBXContainerItemProxy */;
		};
/* End PBXTargetDependency section */

/* Begin PBXVariantGroup section */
		14DFB7A41FE8215A00FE39DC /* Main.storyboard */ = {
			isa = PBXVariantGroup;
			children = (
				14DFB7A51FE8215A00FE39DC /* Base */,
			);
			name = Main.storyboard;
			sourceTree = "<group>";
		};
		14DFB7A91FE8215A00FE39DC /* LaunchScreen.storyboard */ = {
			isa = PBXVariantGroup;
			children = (
				14DFB7AA1FE8215A00FE39DC /* Base */,
			);
			name = LaunchScreen.storyboard;
			sourceTree = "<group>";
		};
/* End PBXVariantGroup section */

/* Begin XCBuildConfiguration section */
		14DFB7C31FE8215A00FE39DC /* Debug */ = {
			isa = XCBuildConfiguration;
			buildSettings = {
				ALWAYS_SEARCH_USER_PATHS = NO;
				CLANG_ANALYZER_NONNULL = YES;
				CLANG_ANALYZER_NUMBER_OBJECT_CONVERSION = YES_AGGRESSIVE;
				CLANG_CXX_LANGUAGE_STANDARD = "gnu++14";
				CLANG_CXX_LIBRARY = "libc++";
				CLANG_ENABLE_MODULES = YES;
				CLANG_ENABLE_OBJC_ARC = YES;
				CLANG_WARN_BLOCK_CAPTURE_AUTORELEASING = YES;
				CLANG_WARN_BOOL_CONVERSION = YES;
				CLANG_WARN_COMMA = YES;
				CLANG_WARN_CONSTANT_CONVERSION = YES;
				CLANG_WARN_DIRECT_OBJC_ISA_USAGE = YES_ERROR;
				CLANG_WARN_DOCUMENTATION_COMMENTS = YES;
				CLANG_WARN_EMPTY_BODY = YES;
				CLANG_WARN_ENUM_CONVERSION = YES;
				CLANG_WARN_INFINITE_RECURSION = YES;
				CLANG_WARN_INT_CONVERSION = YES;
				CLANG_WARN_NON_LITERAL_NULL_CONVERSION = YES;
				CLANG_WARN_OBJC_LITERAL_CONVERSION = YES;
				CLANG_WARN_OBJC_ROOT_CLASS = YES_ERROR;
				CLANG_WARN_RANGE_LOOP_ANALYSIS = YES;
				CLANG_WARN_STRICT_PROTOTYPES = YES;
				CLANG_WARN_SUSPICIOUS_MOVE = YES;
				CLANG_WARN_UNGUARDED_AVAILABILITY = YES_AGGRESSIVE;
				CLANG_WARN_UNREACHABLE_CODE = YES;
				CLANG_WARN__DUPLICATE_METHOD_MATCH = YES;
				CODE_SIGN_IDENTITY = "iPhone Developer";
				COPY_PHASE_STRIP = NO;
				DEBUG_INFORMATION_FORMAT = dwarf;
				ENABLE_STRICT_OBJC_MSGSEND = YES;
				ENABLE_TESTABILITY = YES;
				GCC_C_LANGUAGE_STANDARD = gnu11;
				GCC_DYNAMIC_NO_PIC = NO;
				GCC_NO_COMMON_BLOCKS = YES;
				GCC_OPTIMIZATION_LEVEL = 0;
				GCC_PREPROCESSOR_DEFINITIONS = (
					"DEBUG=1",
					"$(inherited)",
				);
				GCC_WARN_64_TO_32_BIT_CONVERSION = YES;
				GCC_WARN_ABOUT_RETURN_TYPE = YES_ERROR;
				GCC_WARN_UNDECLARED_SELECTOR = YES;
				GCC_WARN_UNINITIALIZED_AUTOS = YES_AGGRESSIVE;
				GCC_WARN_UNUSED_FUNCTION = YES;
				GCC_WARN_UNUSED_VARIABLE = YES;
				IPHONEOS_DEPLOYMENT_TARGET = 11.1;
				MTL_ENABLE_DEBUG_INFO = YES;
				ONLY_ACTIVE_ARCH = YES;
				SDKROOT = iphoneos;
				SWIFT_ACTIVE_COMPILATION_CONDITIONS = DEBUG;
				SWIFT_OPTIMIZATION_LEVEL = "-Onone";
			};
			name = Debug;
		};
		14DFB7C41FE8215A00FE39DC /* Release */ = {
			isa = XCBuildConfiguration;
			buildSettings = {
				ALWAYS_SEARCH_USER_PATHS = NO;
				CLANG_ANALYZER_NONNULL = YES;
				CLANG_ANALYZER_NUMBER_OBJECT_CONVERSION = YES_AGGRESSIVE;
				CLANG_CXX_LANGUAGE_STANDARD = "gnu++14";
				CLANG_CXX_LIBRARY = "libc++";
				CLANG_ENABLE_MODULES = YES;
				CLANG_ENABLE_OBJC_ARC = YES;
				CLANG_WARN_BLOCK_CAPTURE_AUTORELEASING = YES;
				CLANG_WARN_BOOL_CONVERSION = YES;
				CLANG_WARN_COMMA = YES;
				CLANG_WARN_CONSTANT_CONVERSION = YES;
				CLANG_WARN_DIRECT_OBJC_ISA_USAGE = YES_ERROR;
				CLANG_WARN_DOCUMENTATION_COMMENTS = YES;
				CLANG_WARN_EMPTY_BODY = YES;
				CLANG_WARN_ENUM_CONVERSION = YES;
				CLANG_WARN_INFINITE_RECURSION = YES;
				CLANG_WARN_INT_CONVERSION = YES;
				CLANG_WARN_NON_LITERAL_NULL_CONVERSION = YES;
				CLANG_WARN_OBJC_LITERAL_CONVERSION = YES;
				CLANG_WARN_OBJC_ROOT_CLASS = YES_ERROR;
				CLANG_WARN_RANGE_LOOP_ANALYSIS = YES;
				CLANG_WARN_STRICT_PROTOTYPES = YES;
				CLANG_WARN_SUSPICIOUS_MOVE = YES;
				CLANG_WARN_UNGUARDED_AVAILABILITY = YES_AGGRESSIVE;
				CLANG_WARN_UNREACHABLE_CODE = YES;
				CLANG_WARN__DUPLICATE_METHOD_MATCH = YES;
				CODE_SIGN_IDENTITY = "iPhone Developer";
				COPY_PHASE_STRIP = NO;
				DEBUG_INFORMATION_FORMAT = "dwarf-with-dsym";
				ENABLE_NS_ASSERTIONS = NO;
				ENABLE_STRICT_OBJC_MSGSEND = YES;
				GCC_C_LANGUAGE_STANDARD = gnu11;
				GCC_NO_COMMON_BLOCKS = YES;
				GCC_WARN_64_TO_32_BIT_CONVERSION = YES;
				GCC_WARN_ABOUT_RETURN_TYPE = YES_ERROR;
				GCC_WARN_UNDECLARED_SELECTOR = YES;
				GCC_WARN_UNINITIALIZED_AUTOS = YES_AGGRESSIVE;
				GCC_WARN_UNUSED_FUNCTION = YES;
				GCC_WARN_UNUSED_VARIABLE = YES;
				IPHONEOS_DEPLOYMENT_TARGET = 11.1;
				MTL_ENABLE_DEBUG_INFO = NO;
				SDKROOT = iphoneos;
				SWIFT_OPTIMIZATION_LEVEL = "-Owholemodule";
				VALIDATE_PRODUCT = YES;
			};
			name = Release;
		};
		14DFB7C61FE8215A00FE39DC /* Debug */ = {
			isa = XCBuildConfiguration;
			buildSettings = {
				ASSETCATALOG_COMPILER_APPICON_NAME = AppIcon;
				CODE_SIGN_STYLE = Automatic;
				INFOPLIST_FILE = BusanPark/Info.plist;
				LD_RUNPATH_SEARCH_PATHS = "$(inherited) @executable_path/Frameworks";
				PRODUCT_BUNDLE_IDENTIFIER = "Jang-Gyu-Sik.BusanPark";
				PRODUCT_NAME = "$(TARGET_NAME)";
				SWIFT_VERSION = 4.0;
				TARGETED_DEVICE_FAMILY = "1,2";
			};
			name = Debug;
		};
		14DFB7C71FE8215A00FE39DC /* Release */ = {
			isa = XCBuildConfiguration;
			buildSettings = {
				ASSETCATALOG_COMPILER_APPICON_NAME = AppIcon;
				CODE_SIGN_STYLE = Automatic;
				INFOPLIST_FILE = BusanPark/Info.plist;
				LD_RUNPATH_SEARCH_PATHS = "$(inherited) @executable_path/Frameworks";
				PRODUCT_BUNDLE_IDENTIFIER = "Jang-Gyu-Sik.BusanPark";
				PRODUCT_NAME = "$(TARGET_NAME)";
				SWIFT_VERSION = 4.0;
				TARGETED_DEVICE_FAMILY = "1,2";
			};
			name = Release;
		};
		14DFB7C91FE8215A00FE39DC /* Debug */ = {
			isa = XCBuildConfiguration;
			buildSettings = {
				ALWAYS_EMBED_SWIFT_STANDARD_LIBRARIES = YES;
				BUNDLE_LOADER = "$(TEST_HOST)";
				CODE_SIGN_STYLE = Automatic;
				INFOPLIST_FILE = BusanParkTests/Info.plist;
				LD_RUNPATH_SEARCH_PATHS = "$(inherited) @executable_path/Frameworks @loader_path/Frameworks";
				PRODUCT_BUNDLE_IDENTIFIER = "Jang-Gyu-Sik.BusanParkTests";
				PRODUCT_NAME = "$(TARGET_NAME)";
				SWIFT_VERSION = 4.0;
				TARGETED_DEVICE_FAMILY = "1,2";
				TEST_HOST = "$(BUILT_PRODUCTS_DIR)/BusanPark.app/BusanPark";
			};
			name = Debug;
		};
		14DFB7CA1FE8215A00FE39DC /* Release */ = {
			isa = XCBuildConfiguration;
			buildSettings = {
				ALWAYS_EMBED_SWIFT_STANDARD_LIBRARIES = YES;
				BUNDLE_LOADER = "$(TEST_HOST)";
				CODE_SIGN_STYLE = Automatic;
				INFOPLIST_FILE = BusanParkTests/Info.plist;
				LD_RUNPATH_SEARCH_PATHS = "$(inherited) @executable_path/Frameworks @loader_path/Frameworks";
				PRODUCT_BUNDLE_IDENTIFIER = "Jang-Gyu-Sik.BusanParkTests";
				PRODUCT_NAME = "$(TARGET_NAME)";
				SWIFT_VERSION = 4.0;
				TARGETED_DEVICE_FAMILY = "1,2";
				TEST_HOST = "$(BUILT_PRODUCTS_DIR)/BusanPark.app/BusanPark";
			};
			name = Release;
		};
		14DFB7CC1FE8215A00FE39DC /* Debug */ = {
			isa = XCBuildConfiguration;
			buildSettings = {
				ALWAYS_EMBED_SWIFT_STANDARD_LIBRARIES = YES;
				CODE_SIGN_STYLE = Automatic;
				INFOPLIST_FILE = BusanParkUITests/Info.plist;
				LD_RUNPATH_SEARCH_PATHS = "$(inherited) @executable_path/Frameworks @loader_path/Frameworks";
				PRODUCT_BUNDLE_IDENTIFIER = "Jang-Gyu-Sik.BusanParkUITests";
				PRODUCT_NAME = "$(TARGET_NAME)";
				SWIFT_VERSION = 4.0;
				TARGETED_DEVICE_FAMILY = "1,2";
				TEST_TARGET_NAME = BusanPark;
			};
			name = Debug;
		};
		14DFB7CD1FE8215A00FE39DC /* Release */ = {
			isa = XCBuildConfiguration;
			buildSettings = {
				ALWAYS_EMBED_SWIFT_STANDARD_LIBRARIES = YES;
				CODE_SIGN_STYLE = Automatic;
				INFOPLIST_FILE = BusanParkUITests/Info.plist;
				LD_RUNPATH_SEARCH_PATHS = "$(inherited) @executable_path/Frameworks @loader_path/Frameworks";
				PRODUCT_BUNDLE_IDENTIFIER = "Jang-Gyu-Sik.BusanParkUITests";
				PRODUCT_NAME = "$(TARGET_NAME)";
				SWIFT_VERSION = 4.0;
				TARGETED_DEVICE_FAMILY = "1,2";
				TEST_TARGET_NAME = BusanPark;
			};
			name = Release;
		};
/* End XCBuildConfiguration section */

/* Begin XCConfigurationList section */
		14DFB7981FE8215A00FE39DC /* Build configuration list for PBXProject "BusanPark" */ = {
			isa = XCConfigurationList;
			buildConfigurations = (
				14DFB7C31FE8215A00FE39DC /* Debug */,
				14DFB7C41FE8215A00FE39DC /* Release */,
			);
			defaultConfigurationIsVisible = 0;
			defaultConfigurationName = Release;
		};
		14DFB7C51FE8215A00FE39DC /* Build configuration list for PBXNativeTarget "BusanPark" */ = {
			isa = XCConfigurationList;
			buildConfigurations = (
				14DFB7C61FE8215A00FE39DC /* Debug */,
				14DFB7C71FE8215A00FE39DC /* Release */,
			);
			defaultConfigurationIsVisible = 0;
			defaultConfigurationName = Release;
		};
		14DFB7C81FE8215A00FE39DC /* Build configuration list for PBXNativeTarget "BusanParkTests" */ = {
			isa = XCConfigurationList;
			buildConfigurations = (
				14DFB7C91FE8215A00FE39DC /* Debug */,
				14DFB7CA1FE8215A00FE39DC /* Release */,
			);
			defaultConfigurationIsVisible = 0;
			defaultConfigurationName = Release;
		};
		14DFB7CB1FE8215A00FE39DC /* Build configuration list for PBXNativeTarget "BusanParkUITests" */ = {
			isa = XCConfigurationList;
			buildConfigurations = (
				14DFB7CC1FE8215A00FE39DC /* Debug */,
				14DFB7CD1FE8215A00FE39DC /* Release */,
			);
			defaultConfigurationIsVisible = 0;
			defaultConfigurationName = Release;
		};
/* End XCConfigurationList section */
	};
	rootObject = 14DFB7951FE8215A00FE39DC /* Project object */;
}
